<?xml version="1.0" encoding="utf-8"?>
<Project ToolsVersion="4.0" xmlns="http://schemas.microsoft.com/developer/msbuild/2003">
  <ItemGroup>
    <Filter Include="资源文件">
      <UniqueIdentifier>{67DA6AB6-F800-4c08-8B7A-83BB121AAD01}</UniqueIdentifier>
      <Extensions>rc;ico;cur;bmp;dlg;rc2;rct;bin;rgs;gif;jpg;jpeg;jpe;resx;tiff;tif;png;wav;mfcribbon-ms</Extensions>
    </Filter>
    <Filter Include="UI">
      <UniqueIdentifier>{c13f8a2c-88fd-4c88-b76c-e9899f97b099}</UniqueIdentifier>
    </Filter>
    <Filter Include="IO">
      <UniqueIdentifier>{137a99a8-2edf-4b9b-ae4c-d97a1628c06a}</UniqueIdentifier>
    </Filter>
    <Filter Include="Quality">
      <UniqueIdentifier>{ca35a1fe-d9be-4519-857b-a7946664b505}</UniqueIdentifier>
    </Filter>
    <Filter Include="File">
      <UniqueIdentifier>{a89f58df-b278-4513-bb2d-294c9c1cf20a}</UniqueIdentifier>
    </Filter>
    <Filter Include="Course">
      <UniqueIdentifier>{ee2d999f-d5a5-4189-b08e-b98c161a622b}</UniqueIdentifier>
    </Filter>
    <Filter Include="Student">
      <UniqueIdentifier>{57dad2ee-9dae-4565-b30c-572191db3cc7}</UniqueIdentifier>
    </Filter>
    <Filter Include="Main">
      <UniqueIdentifier>{aba639b9-6a49-444e-be09-09cecd21bd3b}</UniqueIdentifier>
    </Filter>
  </ItemGroup>
  <ItemGroup>
    <ClInclude Include="ui.h">
      <Filter>UI</Filter>
    </ClInclude>
    <ClInclude Include="file.h">
      <Filter>File</Filter>
    </ClInclude>
    <ClInclude Include="io.h">
      <Filter>IO</Filter>
    </ClInclude>
    <ClInclude Include="course.h">
      <Filter>Course</Filter>
    </ClInclude>
    <ClInclude Include="main.h">
      <Filter>Main</Filter>
    </ClInclude>
    <ClInclude Include="quality.h">
      <Filter>Quality</Filter>
    </ClInclude>
    <ClInclude Include="student.h">
      <Filter>Student</Filter>
    </ClInclude>
  </ItemGroup>
  <ItemGroup>
    <ClCompile Include="ui.cpp">
      <Filter>UI</Filter>
    </ClCompile>
    <ClCompile Include="main.cpp">
      <Filter>Main</Filter>
    </ClCompile>
    <ClCompile Include="file.cpp">
      <Filter>File</Filter>
    </ClCompile>
    <ClCompile Include="io.cpp">
      <Filter>IO</Filter>
    </ClCompile>
    <ClCompile Include="course.cpp">
      <Filter>Course</Filter>
    </ClCompile>
    <ClCompile Include="quality.cpp">
      <Filter>Quality</Filter>
    </ClCompile>
    <ClCompile Include="student.cpp">
      <Filter>Student</Filter>
    </ClCompile>
    <ClCompile Include="main_quality.cpp" />
    <ClCompile Include="张.cpp" />
    <ClCompile Include="Ji.cpp" />
    <ClCompile Include="UI_Lin.cpp">
      <Filter>UI</Filter>
    </ClCompile>
    <ClCompile Include="UI_Ji.cpp">
      <Filter>UI</Filter>
    </ClCompile>
    <ClCompile Include="UI_Zhang.cpp">
      <Filter>UI</Filter>
    </ClCompile>
    <ClCompile Include="UI_Liu.cpp">
      <Filter>UI</Filter>
    </ClCompile>
  </ItemGroup>
  <ItemGroup>
    <Text Include="Page.txt" />
    <Text Include="Log\Log.log" />
  </ItemGroup>
</Project>